Microsoft Visual Studio Solution File, Format Version 12.00
# Visual Studio Version 17
VisualStudioVersion = 17.0.31903.59
MinimumVisualStudioVersion = 10.0.40219.1
Project("{FAE04EC0-301F-11D3-BF4B-00C04F79EFBC}") = "BankTransactions.Core", "src\BankTransactions.Core\BankTransactions.Core.csproj", "{4F547816-3C7A-41D1-95F8-1E02D7D8F4E6}"
EndProject
Project("{FAE04EC0-301F-11D3-BF4B-00C04F79EFBC}") = "BankTransactions.Server", "src\BankTransactions.Server\BankTransactions.Server.csproj", "{1CFE5C0B-2738-4F41-89D4-C67011D340AD}"
EndProject
Project("{FAE04EC0-301F-11D3-BF4B-00C04F79EFBC}") = "BankTransactions.Client", "src\BankTransactions.Client\BankTransactions.Client.csproj", "{05A3345A-9687-4E68-A723-287C46E17D01}"
EndProject
Project("{FAE04EC0-301F-11D3-BF4B-00C04F79EFBC}") = "BankTransactions.Tests", "tests\BankTransactions.Tests\BankTransactions.Tests.csproj", "{39F6B6F1-BA56-4C7B-8651-09642120C55A}"
EndProject
Global
	GlobalSection(SolutionConfigurationPlatforms) = preSolution
		Debug|Any CPU = Debug|Any CPU
		Release|Any CPU = Release|Any CPU
	EndGlobalSection
	GlobalSection(ProjectConfigurationPlatforms) = postSolution
		{4F547816-3C7A-41D1-95F8-1E02D7D8F4E6}.Debug|Any CPU.ActiveCfg = Debug|Any CPU
		{4F547816-3C7A-41D1-95F8-1E02D7D8F4E6}.Debug|Any CPU.Build.0 = Debug|Any CPU
		{4F547816-3C7A-41D1-95F8-1E02D7D8F4E6}.Release|Any CPU.ActiveCfg = Release|Any CPU
		{4F547816-3C7A-41D1-95F8-1E02D7D8F4E6}.Release|Any CPU.Build.0 = Release|Any CPU
		{1CFE5C0B-2738-4F41-89D4-C67011D340AD}.Debug|Any CPU.ActiveCfg = Debug|Any CPU
		{1CFE5C0B-2738-4F41-89D4-C67011D340AD}.Debug|Any CPU.Build.0 = Debug|Any CPU
		{1CFE5C0B-2738-4F41-89D4-C67011D340AD}.Release|Any CPU.ActiveCfg = Release|Any CPU
		{1CFE5C0B-2738-4F41-89D4-C67011D340AD}.Release|Any CPU.Build.0 = Release|Any CPU
		{05A3345A-9687-4E68-A723-287C46E17D01}.Debug|Any CPU.ActiveCfg = Debug|Any CPU
		{05A3345A-9687-4E68-A723-287C46E17D01}.Debug|Any CPU.Build.0 = Debug|Any CPU
		{05A3345A-9687-4E68-A723-287C46E17D01}.Release|Any CPU.ActiveCfg = Release|Any CPU
		{05A3345A-9687-4E68-A723-287C46E17D01}.Release|Any CPU.Build.0 = Release|Any CPU
		{39F6B6F1-BA56-4C7B-8651-09642120C55A}.Debug|Any CPU.ActiveCfg = Debug|Any CPU
		{39F6B6F1-BA56-4C7B-8651-09642120C55A}.Debug|Any CPU.Build.0 = Debug|Any CPU
		{39F6B6F1-BA56-4C7B-8651-09642120C55A}.Release|Any CPU.ActiveCfg = Release|Any CPU
		{39F6B6F1-BA56-4C7B-8651-09642120C55A}.Release|Any CPU.Build.0 = Release|Any CPU
	EndGlobalSection
EndGlobal
